github.com/tdewolff/parse/v2 v2.7.11 h1:v+W45LnzmjndVlfqPCT5gGjAAZKd1GJGOPJveTIkBY8=
github.com/tdewolff/parse/v2 v2.7.11/go.mod h1:3FbJWZp3XT9OWVN3Hmfp0p/a08v4h8J9W1aghka0soA=
github.com/tdewolff/test v1.0.11-0.20231101010635-f1265d231d52 h1:gAQliwn+zJrkjAHVcBEYW/RFvd2St4yYimisvozAYlA=
github.com/tdewolff/test v1.0.11-0.20231101010635-f1265d231d52/go.mod h1:6DAvZliBAAnD7rhVgwaM7DE5/d9NMOAJ09SqYqeK4QE=
golang.org/x/net v0.21.0 h1:AQyQV4dYCvJ7vGmJyKki9+PBdyvhkSd8EIx/qb0AYv4=
golang.org/x/net v0.21.0/go.mod h1:bIjVDfnllIU7BJ2DNgfnXvpSvtn8VRwhlsaeUTyUS44=
